
Microsoft Visual Studio Solution File, Format Version 12.00
# Visual Studio Version 16
VisualStudioVersion = 16.0.28809.33
MinimumVisualStudioVersion = 10.0.40219.1
Project("{9A19103F-16F7-4668-BE54-9A1E7A4F7556}") = "FactoryPattern", "FactoryPattern.csproj", "{728535CF-4998-4C35-8437-EE22C8327378}"
EndProject
Global
	GlobalSection(SolutionConfigurationPlatforms) = preSolution
		Debug|Any CPU = Debug|Any CPU
		Release|Any CPU = Release|Any CPU
	EndGlobalSection
	GlobalSection(ProjectConfigurationPlatforms) = postSolution
		{728535CF-4998-4C35-8437-EE22C8327378}.Debug|Any CPU.ActiveCfg = Debug|Any CPU
		{728535CF-4998-4C35-8437-EE22C8327378}.Debug|Any CPU.Build.0 = Debug|Any CPU
		{728535CF-4998-4C35-8437-EE22C8327378}.Release|Any CPU.ActiveCfg = Release|Any CPU
		{728535CF-4998-4C35-8437-EE22C8327378}.Release|Any CPU.Build.0 = Release|Any CPU
	EndGlobalSection
	GlobalSection(SolutionProperties) = preSolution
		HideSolutionNode = FALSE
	EndGlobalSection
	GlobalSection(ExtensibilityGlobals) = postSolution
		SolutionGuid = {A9E4F3F6-FDDB-4E8F-BA88-4E79F31CA6C1}
	EndGlobalSection
EndGlobal
